
Microsoft Visual Studio Solution File, Format Version 12.00
# Visual Studio Version 17
VisualStudioVersion = 17.12.35707.178
MinimumVisualStudioVersion = 10.0.40219.1
Project("{FAE04EC0-301F-11D3-BF4B-00C04F79EFBC}") = "AgendamentoVeterinaria.Domain", "AgendamentoVeterinaria.Domain\AgendamentoVeterinaria.Domain.csproj", "{547C7298-824E-42C6-BF56-0D59F4634C9C}"
EndProject
Project("{FAE04EC0-301F-11D3-BF4B-00C04F79EFBC}") = "AgendamentoVeterinaria.Infra", "AgendamentoVeterinaria.Infra\AgendamentoVeterinaria.Infra.csproj", "{92332B78-07C7-4A7C-AEC9-A488D02F2DEE}"
EndProject
Project("{FAE04EC0-301F-11D3-BF4B-00C04F79EFBC}") = "AgendamentoVeterinaria.Web", "AgendamentoVeterinaria.Web\AgendamentoVeterinaria.Web.csproj", "{02B02AEB-8036-44A7-BC61-8B2D05E9229C}"
EndProject
Global
	GlobalSection(SolutionConfigurationPlatforms) = preSolution
		Debug|Any CPU = Debug|Any CPU
		Release|Any CPU = Release|Any CPU
	EndGlobalSection
	GlobalSection(ProjectConfigurationPlatforms) = postSolution
		{547C7298-824E-42C6-BF56-0D59F4634C9C}.Debug|Any CPU.ActiveCfg = Debug|Any CPU
		{547C7298-824E-42C6-BF56-0D59F4634C9C}.Debug|Any CPU.Build.0 = Debug|Any CPU
		{547C7298-824E-42C6-BF56-0D59F4634C9C}.Release|Any CPU.ActiveCfg = Release|Any CPU
		{547C7298-824E-42C6-BF56-0D59F4634C9C}.Release|Any CPU.Build.0 = Release|Any CPU
		{92332B78-07C7-4A7C-AEC9-A488D02F2DEE}.Debug|Any CPU.ActiveCfg = Debug|Any CPU
		{92332B78-07C7-4A7C-AEC9-A488D02F2DEE}.Debug|Any CPU.Build.0 = Debug|Any CPU
		{92332B78-07C7-4A7C-AEC9-A488D02F2DEE}.Release|Any CPU.ActiveCfg = Release|Any CPU
		{92332B78-07C7-4A7C-AEC9-A488D02F2DEE}.Release|Any CPU.Build.0 = Release|Any CPU
		{02B02AEB-8036-44A7-BC61-8B2D05E9229C}.Debug|Any CPU.ActiveCfg = Debug|Any CPU
		{02B02AEB-8036-44A7-BC61-8B2D05E9229C}.Debug|Any CPU.Build.0 = Debug|Any CPU
		{02B02AEB-8036-44A7-BC61-8B2D05E9229C}.Release|Any CPU.ActiveCfg = Release|Any CPU
		{02B02AEB-8036-44A7-BC61-8B2D05E9229C}.Release|Any CPU.Build.0 = Release|Any CPU
	EndGlobalSection
	GlobalSection(SolutionProperties) = preSolution
		HideSolutionNode = FALSE
	EndGlobalSection
EndGlobal
